
Microsoft Visual Studio Solution File, Format Version 12.00
# Visual Studio 15
VisualStudioVersion = 15.0.26430.15
MinimumVisualStudioVersion = 10.0.40219.1
Project("{8BC9CEB8-8B4A-11D0-8D11-00A0C91BC942}") = "NeuralNetwork", "NeuralNetwork\NeuralNetwork.vcxproj", "{C7CC20A4-6DFE-4C11-BE00-1E283BB3C14F}"
EndProject
Project("{8BC9CEB8-8B4A-11D0-8D11-00A0C91BC942}") = "TestProgram", "TestProgram\TestProgram.vcxproj", "{1E7A395E-F015-4D5E-A527-49F98DD1BBBE}"
EndProject
Project("{8BC9CEB8-8B4A-11D0-8D11-00A0C91BC942}") = "Archive", "Archive\Archive.vcxproj", "{0F24839E-1B7D-4760-8F45-1585A17E6CDD}"
EndProject
Project("{8BC9CEB8-8B4A-11D0-8D11-00A0C91BC942}") = "ArchiveUnitTest", "ArchiveUnitTest\ArchiveUnitTest.vcxproj", "{D215606F-CA82-492D-98D2-CC92B3507D89}"
EndProject
Global
	GlobalSection(SolutionConfigurationPlatforms) = preSolution
		Debug|x64 = Debug|x64
		Debug|x86 = Debug|x86
		Release|x64 = Release|x64
		Release|x86 = Release|x86
	EndGlobalSection
	GlobalSection(ProjectConfigurationPlatforms) = postSolution
		{C7CC20A4-6DFE-4C11-BE00-1E283BB3C14F}.Debug|x64.ActiveCfg = Debug|x64
		{C7CC20A4-6DFE-4C11-BE00-1E283BB3C14F}.Debug|x64.Build.0 = Debug|x64
		{C7CC20A4-6DFE-4C11-BE00-1E283BB3C14F}.Debug|x86.ActiveCfg = Debug|Win32
		{C7CC20A4-6DFE-4C11-BE00-1E283BB3C14F}.Debug|x86.Build.0 = Debug|Win32
		{C7CC20A4-6DFE-4C11-BE00-1E283BB3C14F}.Release|x64.ActiveCfg = Release|x64
		{C7CC20A4-6DFE-4C11-BE00-1E283BB3C14F}.Release|x64.Build.0 = Release|x64
		{C7CC20A4-6DFE-4C11-BE00-1E283BB3C14F}.Release|x86.ActiveCfg = Release|Win32
		{C7CC20A4-6DFE-4C11-BE00-1E283BB3C14F}.Release|x86.Build.0 = Release|Win32
		{1E7A395E-F015-4D5E-A527-49F98DD1BBBE}.Debug|x64.ActiveCfg = Debug|x64
		{1E7A395E-F015-4D5E-A527-49F98DD1BBBE}.Debug|x64.Build.0 = Debug|x64
		{1E7A395E-F015-4D5E-A527-49F98DD1BBBE}.Debug|x86.ActiveCfg = Debug|Win32
		{1E7A395E-F015-4D5E-A527-49F98DD1BBBE}.Debug|x86.Build.0 = Debug|Win32
		{1E7A395E-F015-4D5E-A527-49F98DD1BBBE}.Release|x64.ActiveCfg = Release|x64
		{1E7A395E-F015-4D5E-A527-49F98DD1BBBE}.Release|x64.Build.0 = Release|x64
		{1E7A395E-F015-4D5E-A527-49F98DD1BBBE}.Release|x86.ActiveCfg = Release|Win32
		{1E7A395E-F015-4D5E-A527-49F98DD1BBBE}.Release|x86.Build.0 = Release|Win32
		{0F24839E-1B7D-4760-8F45-1585A17E6CDD}.Debug|x64.ActiveCfg = Debug|x64
		{0F24839E-1B7D-4760-8F45-1585A17E6CDD}.Debug|x64.Build.0 = Debug|x64
		{0F24839E-1B7D-4760-8F45-1585A17E6CDD}.Debug|x86.ActiveCfg = Debug|Win32
		{0F24839E-1B7D-4760-8F45-1585A17E6CDD}.Debug|x86.Build.0 = Debug|Win32
		{0F24839E-1B7D-4760-8F45-1585A17E6CDD}.Release|x64.ActiveCfg = Release|x64
		{0F24839E-1B7D-4760-8F45-1585A17E6CDD}.Release|x64.Build.0 = Release|x64
		{0F24839E-1B7D-4760-8F45-1585A17E6CDD}.Release|x86.ActiveCfg = Release|Win32
		{0F24839E-1B7D-4760-8F45-1585A17E6CDD}.Release|x86.Build.0 = Release|Win32
		{D215606F-CA82-492D-98D2-CC92B3507D89}.Debug|x64.ActiveCfg = Debug|x64
		{D215606F-CA82-492D-98D2-CC92B3507D89}.Debug|x64.Build.0 = Debug|x64
		{D215606F-CA82-492D-98D2-CC92B3507D89}.Debug|x86.ActiveCfg = Debug|Win32
		{D215606F-CA82-492D-98D2-CC92B3507D89}.Debug|x86.Build.0 = Debug|Win32
		{D215606F-CA82-492D-98D2-CC92B3507D89}.Release|x64.ActiveCfg = Release|x64
		{D215606F-CA82-492D-98D2-CC92B3507D89}.Release|x64.Build.0 = Release|x64
		{D215606F-CA82-492D-98D2-CC92B3507D89}.Release|x86.ActiveCfg = Release|Win32
		{D215606F-CA82-492D-98D2-CC92B3507D89}.Release|x86.Build.0 = Release|Win32
	EndGlobalSection
	GlobalSection(SolutionProperties) = preSolution
		HideSolutionNode = FALSE
	EndGlobalSection
EndGlobal
